
Microsoft Visual Studio Solution File, Format Version 12.00
Project("{FAE04EC0-301F-11D3-BF4B-00C04F79EFBC}") = "Nugget.Api", "Nugget.Api\Nugget.Api.csproj", "{1E4EAC3F-804D-4CE1-912E-9623BA4F99C6}"
EndProject
Project("{FAE04EC0-301F-11D3-BF4B-00C04F79EFBC}") = "Nugget.Services", "Nugget.Services\Nugget.Services.csproj", "{C4F49E5C-AEC1-425D-9295-AA1952ADEC82}"
EndProject
Global
	GlobalSection(SolutionConfigurationPlatforms) = preSolution
		Debug|Any CPU = Debug|Any CPU
		Release|Any CPU = Release|Any CPU
	EndGlobalSection
	GlobalSection(ProjectConfigurationPlatforms) = postSolution
		{1E4EAC3F-804D-4CE1-912E-9623BA4F99C6}.Debug|Any CPU.ActiveCfg = Debug|Any CPU
		{1E4EAC3F-804D-4CE1-912E-9623BA4F99C6}.Debug|Any CPU.Build.0 = Debug|Any CPU
		{1E4EAC3F-804D-4CE1-912E-9623BA4F99C6}.Release|Any CPU.ActiveCfg = Release|Any CPU
		{1E4EAC3F-804D-4CE1-912E-9623BA4F99C6}.Release|Any CPU.Build.0 = Release|Any CPU
		{C4F49E5C-AEC1-425D-9295-AA1952ADEC82}.Debug|Any CPU.ActiveCfg = Debug|Any CPU
		{C4F49E5C-AEC1-425D-9295-AA1952ADEC82}.Debug|Any CPU.Build.0 = Debug|Any CPU
		{C4F49E5C-AEC1-425D-9295-AA1952ADEC82}.Release|Any CPU.ActiveCfg = Release|Any CPU
		{C4F49E5C-AEC1-425D-9295-AA1952ADEC82}.Release|Any CPU.Build.0 = Release|Any CPU
	EndGlobalSection
EndGlobal
